// !$*UTF8*$!
{
	archiveVersion = 1;
	classes = {
	};
	objectVersion = 55;
	objects = {

/* Begin PBXBuildFile section */
		22253CAE283D5C8F00D39874 /* StorageManager.swift in Sources */ = {isa = PBXBuildFile; fileRef = 22253CAD283D5C8F00D39874 /* StorageManager.swift */; };
		228BBC092837D5AF002AD32B /* AppDelegate.swift in Sources */ = {isa = PBXBuildFile; fileRef = 228BBC082837D5AF002AD32B /* AppDelegate.swift */; };
		228BBC0B2837D5AF002AD32B /* SceneDelegate.swift in Sources */ = {isa = PBXBuildFile; fileRef = 228BBC0A2837D5AF002AD32B /* SceneDelegate.swift */; };
		228BBC102837D5AF002AD32B /* Main.storyboard in Resources */ = {isa = PBXBuildFile; fileRef = 228BBC0E2837D5AF002AD32B /* Main.storyboard */; };
		228BBC152837D5B0002AD32B /* Assets.xcassets in Resources */ = {isa = PBXBuildFile; fileRef = 228BBC142837D5B0002AD32B /* Assets.xcassets */; };
		228BBC182837D5B0002AD32B /* LaunchScreen.storyboard in Resources */ = {isa = PBXBuildFile; fileRef = 228BBC162837D5B0002AD32B /* LaunchScreen.storyboard */; };
		228BBC212837DB90002AD32B /* MapKit.framework in Frameworks */ = {isa = PBXBuildFile; fileRef = 228BBC202837DB90002AD32B /* MapKit.framework */; };
		22A59A46283F58D900F4BF23 /* ActivityListVC.swift in Sources */ = {isa = PBXBuildFile; fileRef = 22A59A45283F58D900F4BF23 /* ActivityListVC.swift */; };
		22A92FA6283BE3FA00E242C9 /* CurrentActivityVC.swift in Sources */ = {isa = PBXBuildFile; fileRef = 22A92FA5283BE3FA00E242C9 /* CurrentActivityVC.swift */; };
		22A92FA9283BEF6E00E242C9 /* TimeManager.swift in Sources */ = {isa = PBXBuildFile; fileRef = 22A92FA8283BEF6E00E242C9 /* TimeManager.swift */; };
		22A92FAC283BF21E00E242C9 /* CurrentActivityViewModel.swift in Sources */ = {isa = PBXBuildFile; fileRef = 22A92FAB283BF21E00E242C9 /* CurrentActivityViewModel.swift */; };
		22A92FB1283C09FD00E242C9 /* Box.swift in Sources */ = {isa = PBXBuildFile; fileRef = 22A92FB0283C09FD00E242C9 /* Box.swift */; };
		22A92FB4283C158100E242C9 /* LocationManager.swift in Sources */ = {isa = PBXBuildFile; fileRef = 22A92FB3283C158100E242C9 /* LocationManager.swift */; };
		22AF705A284CF0D300AEC786 /* StartDataModel.swift in Sources */ = {isa = PBXBuildFile; fileRef = 22AF7059284CF0D300AEC786 /* StartDataModel.swift */; };
		22B4E692284E7D790073498C /* CircleProgressBar.swift in Sources */ = {isa = PBXBuildFile; fileRef = 22B4E691284E7D790073498C /* CircleProgressBar.swift */; };
		22B4FDDA284106EA0045BCE4 /* ActivityVC.swift in Sources */ = {isa = PBXBuildFile; fileRef = 22B4FDD9284106EA0045BCE4 /* ActivityVC.swift */; };
		22B4FDEA28412A9E0045BCE4 /* TargetRunning.xcdatamodeld in Sources */ = {isa = PBXBuildFile; fileRef = 22B4FDE828412A9E0045BCE4 /* TargetRunning.xcdatamodeld */; };
		22B7E23F2846966F007FF7AD /* StartVC.swift in Sources */ = {isa = PBXBuildFile; fileRef = 22B7E23E2846966F007FF7AD /* StartVC.swift */; };
		22DFBE272847F0610011F9B4 /* StartViewModel.swift in Sources */ = {isa = PBXBuildFile; fileRef = 22DFBE262847F0610011F9B4 /* StartViewModel.swift */; };
		22DFBE292847F0E50011F9B4 /* StartDataManager.swift in Sources */ = {isa = PBXBuildFile; fileRef = 22DFBE282847F0E50011F9B4 /* StartDataManager.swift */; };
/* End PBXBuildFile section */

/* Begin PBXFileReference section */
		22253CAD283D5C8F00D39874 /* StorageManager.swift */ = {isa = PBXFileReference; lastKnownFileType = sourcecode.swift; path = StorageManager.swift; sourceTree = "<group>"; };
		228BBC052837D5AF002AD32B /* TargetRunning.app */ = {isa = PBXFileReference; explicitFileType = wrapper.application; includeInIndex = 0; path = TargetRunning.app; sourceTree = BUILT_PRODUCTS_DIR; };
		228BBC082837D5AF002AD32B /* AppDelegate.swift */ = {isa = PBXFileReference; lastKnownFileType = sourcecode.swift; path = AppDelegate.swift; sourceTree = "<group>"; };
		228BBC0A2837D5AF002AD32B /* SceneDelegate.swift */ = {isa = PBXFileReference; lastKnownFileType = sourcecode.swift; path = SceneDelegate.swift; sourceTree = "<group>"; };
		228BBC0F2837D5AF002AD32B /* Base */ = {isa = PBXFileReference; lastKnownFileType = file.storyboard; name = Base; path = Base.lproj/Main.storyboard; sourceTree = "<group>"; };
		228BBC142837D5B0002AD32B /* Assets.xcassets */ = {isa = PBXFileReference; lastKnownFileType = folder.assetcatalog; path = Assets.xcassets; sourceTree = "<group>"; };
		228BBC172837D5B0002AD32B /* Base */ = {isa = PBXFileReference; lastKnownFileType = file.storyboard; name = Base; path = Base.lproj/LaunchScreen.storyboard; sourceTree = "<group>"; };
		228BBC192837D5B0002AD32B /* Info.plist */ = {isa = PBXFileReference; lastKnownFileType = text.plist.xml; path = Info.plist; sourceTree = "<group>"; };
		228BBC202837DB90002AD32B /* MapKit.framework */ = {isa = PBXFileReference; lastKnownFileType = wrapper.framework; name = MapKit.framework; path = System/Library/Frameworks/MapKit.framework; sourceTree = SDKROOT; };
		22A59A45283F58D900F4BF23 /* ActivityListVC.swift */ = {isa = PBXFileReference; lastKnownFileType = sourcecode.swift; path = ActivityListVC.swift; sourceTree = "<group>"; };
		22A92FA5283BE3FA00E242C9 /* CurrentActivityVC.swift */ = {isa = PBXFileReference; lastKnownFileType = sourcecode.swift; path = CurrentActivityVC.swift; sourceTree = "<group>"; };
		22A92FA8283BEF6E00E242C9 /* TimeManager.swift */ = {isa = PBXFileReference; lastKnownFileType = sourcecode.swift; path = TimeManager.swift; sourceTree = "<group>"; };
		22A92FAB283BF21E00E242C9 /* CurrentActivityViewModel.swift */ = {isa = PBXFileReference; lastKnownFileType = sourcecode.swift; path = CurrentActivityViewModel.swift; sourceTree = "<group>"; };
		22A92FB0283C09FD00E242C9 /* Box.swift */ = {isa = PBXFileReference; lastKnownFileType = sourcecode.swift; path = Box.swift; sourceTree = "<group>"; };
		22A92FB3283C158100E242C9 /* LocationManager.swift */ = {isa = PBXFileReference; lastKnownFileType = sourcecode.swift; path = LocationManager.swift; sourceTree = "<group>"; };
		22AF7059284CF0D300AEC786 /* StartDataModel.swift */ = {isa = PBXFileReference; lastKnownFileType = sourcecode.swift; path = StartDataModel.swift; sourceTree = "<group>"; };
		22B4E691284E7D790073498C /* CircleProgressBar.swift */ = {isa = PBXFileReference; lastKnownFileType = sourcecode.swift; path = CircleProgressBar.swift; sourceTree = "<group>"; };
		22B4FDD9284106EA0045BCE4 /* ActivityVC.swift */ = {isa = PBXFileReference; lastKnownFileType = sourcecode.swift; path = ActivityVC.swift; sourceTree = "<group>"; };
		22B4FDE928412A9E0045BCE4 /* TargetRunning.xcdatamodel */ = {isa = PBXFileReference; lastKnownFileType = wrapper.xcdatamodel; path = TargetRunning.xcdatamodel; sourceTree = "<group>"; };
		22B7E23E2846966F007FF7AD /* StartVC.swift */ = {isa = PBXFileReference; lastKnownFileType = sourcecode.swift; path = StartVC.swift; sourceTree = "<group>"; };
		22DFBE262847F0610011F9B4 /* StartViewModel.swift */ = {isa = PBXFileReference; lastKnownFileType = sourcecode.swift; path = StartViewModel.swift; sourceTree = "<group>"; };
		22DFBE282847F0E50011F9B4 /* StartDataManager.swift */ = {isa = PBXFileReference; lastKnownFileType = sourcecode.swift; path = StartDataManager.swift; sourceTree = "<group>"; };
/* End PBXFileReference section */

/* Begin PBXFrameworksBuildPhase section */
		228BBC022837D5AF002AD32B /* Frameworks */ = {
			isa = PBXFrameworksBuildPhase;
			buildActionMask = 2147483647;
			files = (
				228BBC212837DB90002AD32B /* MapKit.framework in Frameworks */,
			);
			runOnlyForDeploymentPostprocessing = 0;
		};
/* End PBXFrameworksBuildPhase section */

/* Begin PBXGroup section */
		228BBBFC2837D5AE002AD32B = {
			isa = PBXGroup;
			children = (
				22B4FDE828412A9E0045BCE4 /* TargetRunning.xcdatamodeld */,
				22B7E23D28469635007FF7AD /* StartVC */,
				22A92FAA283BF1FA00E242C9 /* CurrentActivity */,
				228BBC072837D5AF002AD32B /* TargetRunning */,
				228BBC062837D5AF002AD32B /* Products */,
				228BBC1F2837DB90002AD32B /* Frameworks */,
			);
			sourceTree = "<group>";
		};
		228BBC062837D5AF002AD32B /* Products */ = {
			isa = PBXGroup;
			children = (
				228BBC052837D5AF002AD32B /* TargetRunning.app */,
			);
			name = Products;
			sourceTree = "<group>";
		};
		228BBC072837D5AF002AD32B /* TargetRunning */ = {
			isa = PBXGroup;
			children = (
				22B4FDD8284106C80045BCE4 /* Activity */,
				22A92FA7283BEF5500E242C9 /* Service Layer */,
				22D2A2FA283E4D25004322E5 /* App */,
				22A92FB2283C0C7E00E242C9 /* Helpers */,
				228BBC0E2837D5AF002AD32B /* Main.storyboard */,
				228BBC142837D5B0002AD32B /* Assets.xcassets */,
				228BBC162837D5B0002AD32B /* LaunchScreen.storyboard */,
				228BBC192837D5B0002AD32B /* Info.plist */,
			);
			path = TargetRunning;
			sourceTree = "<group>";
		};
		228BBC1F2837DB90002AD32B /* Frameworks */ = {
			isa = PBXGroup;
			children = (
				228BBC202837DB90002AD32B /* MapKit.framework */,
			);
			name = Frameworks;
			sourceTree = "<group>";
		};
		22A92FA7283BEF5500E242C9 /* Service Layer */ = {
			isa = PBXGroup;
			children = (
				22A92FA8283BEF6E00E242C9 /* TimeManager.swift */,
				22A92FB3283C158100E242C9 /* LocationManager.swift */,
				22253CAD283D5C8F00D39874 /* StorageManager.swift */,
			);
			path = "Service Layer";
			sourceTree = "<group>";
		};
		22A92FAA283BF1FA00E242C9 /* CurrentActivity */ = {
			isa = PBXGroup;
			children = (
				22A92FA5283BE3FA00E242C9 /* CurrentActivityVC.swift */,
				22A92FAB283BF21E00E242C9 /* CurrentActivityViewModel.swift */,
			);
			path = CurrentActivity;
			sourceTree = "<group>";
		};
		22A92FB2283C0C7E00E242C9 /* Helpers */ = {
			isa = PBXGroup;
			children = (
				22A92FB0283C09FD00E242C9 /* Box.swift */,
				22B4E691284E7D790073498C /* CircleProgressBar.swift */,
			);
			path = Helpers;
			sourceTree = "<group>";
		};
		22B4FDD8284106C80045BCE4 /* Activity */ = {
			isa = PBXGroup;
			children = (
				22A59A45283F58D900F4BF23 /* ActivityListVC.swift */,
				22B4FDD9284106EA0045BCE4 /* ActivityVC.swift */,
			);
			path = Activity;
			sourceTree = "<group>";
		};
		22B7E23D28469635007FF7AD /* StartVC */ = {
			isa = PBXGroup;
			children = (
				22B7E23E2846966F007FF7AD /* StartVC.swift */,
				22DFBE262847F0610011F9B4 /* StartViewModel.swift */,
				22DFBE282847F0E50011F9B4 /* StartDataManager.swift */,
				22AF7059284CF0D300AEC786 /* StartDataModel.swift */,
			);
			path = StartVC;
			sourceTree = "<group>";
		};
		22D2A2FA283E4D25004322E5 /* App */ = {
			isa = PBXGroup;
			children = (
				228BBC082837D5AF002AD32B /* AppDelegate.swift */,
				228BBC0A2837D5AF002AD32B /* SceneDelegate.swift */,
			);
			path = App;
			sourceTree = "<group>";
		};
/* End PBXGroup section */

/* Begin PBXNativeTarget section */
		228BBC042837D5AF002AD32B /* TargetRunning */ = {
			isa = PBXNativeTarget;
			buildConfigurationList = 228BBC1C2837D5B0002AD32B /* Build configuration list for PBXNativeTarget "TargetRunning" */;
			buildPhases = (
				228BBC012837D5AF002AD32B /* Sources */,
				228BBC022837D5AF002AD32B /* Frameworks */,
				228BBC032837D5AF002AD32B /* Resources */,
			);
			buildRules = (
			);
			dependencies = (
			);
			name = TargetRunning;
			productName = TargetRunning;
			productReference = 228BBC052837D5AF002AD32B /* TargetRunning.app */;
			productType = "com.apple.product-type.application";
		};
/* End PBXNativeTarget section */

/* Begin PBXProject section */
		228BBBFD2837D5AE002AD32B /* Project object */ = {
			isa = PBXProject;
			attributes = {
				BuildIndependentTargetsInParallel = 1;
				LastSwiftUpdateCheck = 1340;
				LastUpgradeCheck = 1340;
				TargetAttributes = {
					228BBC042837D5AF002AD32B = {
						CreatedOnToolsVersion = 13.4;
					};
				};
			};
			buildConfigurationList = 228BBC002837D5AE002AD32B /* Build configuration list for PBXProject "TargetRunning" */;
			compatibilityVersion = "Xcode 13.0";
			developmentRegion = en;
			hasScannedForEncodings = 0;
			knownRegions = (
				en,
				Base,
			);
			mainGroup = 228BBBFC2837D5AE002AD32B;
			productRefGroup = 228BBC062837D5AF002AD32B /* Products */;
			projectDirPath = "";
			projectRoot = "";
			targets = (
				228BBC042837D5AF002AD32B /* TargetRunning */,
			);
		};
/* End PBXProject section */

/* Begin PBXResourcesBuildPhase section */
		228BBC032837D5AF002AD32B /* Resources */ = {
			isa = PBXResourcesBuildPhase;
			buildActionMask = 2147483647;
			files = (
				228BBC182837D5B0002AD32B /* LaunchScreen.storyboard in Resources */,
				228BBC152837D5B0002AD32B /* Assets.xcassets in Resources */,
				228BBC102837D5AF002AD32B /* Main.storyboard in Resources */,
			);
			runOnlyForDeploymentPostprocessing = 0;
		};
/* End PBXResourcesBuildPhase section */

/* Begin PBXSourcesBuildPhase section */
		228BBC012837D5AF002AD32B /* Sources */ = {
			isa = PBXSourcesBuildPhase;
			buildActionMask = 2147483647;
			files = (
				22A92FAC283BF21E00E242C9 /* CurrentActivityViewModel.swift in Sources */,
				22DFBE292847F0E50011F9B4 /* StartDataManager.swift in Sources */,
				22A59A46283F58D900F4BF23 /* ActivityListVC.swift in Sources */,
				228BBC092837D5AF002AD32B /* AppDelegate.swift in Sources */,
				22253CAE283D5C8F00D39874 /* StorageManager.swift in Sources */,
				22B7E23F2846966F007FF7AD /* StartVC.swift in Sources */,
				22B4FDDA284106EA0045BCE4 /* ActivityVC.swift in Sources */,
				22A92FB4283C158100E242C9 /* LocationManager.swift in Sources */,
				22A92FA9283BEF6E00E242C9 /* TimeManager.swift in Sources */,
				22DFBE272847F0610011F9B4 /* StartViewModel.swift in Sources */,
				22B4FDEA28412A9E0045BCE4 /* TargetRunning.xcdatamodeld in Sources */,
				22AF705A284CF0D300AEC786 /* StartDataModel.swift in Sources */,
				22A92FA6283BE3FA00E242C9 /* CurrentActivityVC.swift in Sources */,
				228BBC0B2837D5AF002AD32B /* SceneDelegate.swift in Sources */,
				22B4E692284E7D790073498C /* CircleProgressBar.swift in Sources */,
				22A92FB1283C09FD00E242C9 /* Box.swift in Sources */,
			);
			runOnlyForDeploymentPostprocessing = 0;
		};
/* End PBXSourcesBuildPhase section */

/* Begin PBXVariantGroup section */
		228BBC0E2837D5AF002AD32B /* Main.storyboard */ = {
			isa = PBXVariantGroup;
			children = (
				228BBC0F2837D5AF002AD32B /* Base */,
			);
			name = Main.storyboard;
			sourceTree = "<group>";
		};
		228BBC162837D5B0002AD32B /* LaunchScreen.storyboard */ = {
			isa = PBXVariantGroup;
			children = (
				228BBC172837D5B0002AD32B /* Base */,
			);
			name = LaunchScreen.storyboard;
			sourceTree = "<group>";
		};
/* End PBXVariantGroup section */

/* Begin XCBuildConfiguration section */
		228BBC1A2837D5B0002AD32B /* Debug */ = {
			isa = XCBuildConfiguration;
			buildSettings = {
				ALWAYS_SEARCH_USER_PATHS = NO;
				CLANG_ANALYZER_NONNULL = YES;
				CLANG_ANALYZER_NUMBER_OBJECT_CONVERSION = YES_AGGRESSIVE;
				CLANG_CXX_LANGUAGE_STANDARD = "gnu++17";
				CLANG_ENABLE_MODULES = YES;
				CLANG_ENABLE_OBJC_ARC = YES;
				CLANG_ENABLE_OBJC_WEAK = YES;
				CLANG_WARN_BLOCK_CAPTURE_AUTORELEASING = YES;
				CLANG_WARN_BOOL_CONVERSION = YES;
				CLANG_WARN_COMMA = YES;
				CLANG_WARN_CONSTANT_CONVERSION = YES;
				CLANG_WARN_DEPRECATED_OBJC_IMPLEMENTATIONS = YES;
				CLANG_WARN_DIRECT_OBJC_ISA_USAGE = YES_ERROR;
				CLANG_WARN_DOCUMENTATION_COMMENTS = YES;
				CLANG_WARN_EMPTY_BODY = YES;
				CLANG_WARN_ENUM_CONVERSION = YES;
				CLANG_WARN_INFINITE_RECURSION = YES;
				CLANG_WARN_INT_CONVERSION = YES;
				CLANG_WARN_NON_LITERAL_NULL_CONVERSION = YES;
				CLANG_WARN_OBJC_IMPLICIT_RETAIN_SELF = YES;
				CLANG_WARN_OBJC_LITERAL_CONVERSION = YES;
				CLANG_WARN_OBJC_ROOT_CLASS = YES_ERROR;
				CLANG_WARN_QUOTED_INCLUDE_IN_FRAMEWORK_HEADER = YES;
				CLANG_WARN_RANGE_LOOP_ANALYSIS = YES;
				CLANG_WARN_STRICT_PROTOTYPES = YES;
				CLANG_WARN_SUSPICIOUS_MOVE = YES;
				CLANG_WARN_UNGUARDED_AVAILABILITY = YES_AGGRESSIVE;
				CLANG_WARN_UNREACHABLE_CODE = YES;
				CLANG_WARN__DUPLICATE_METHOD_MATCH = YES;
				COPY_PHASE_STRIP = NO;
				DEBUG_INFORMATION_FORMAT = dwarf;
				ENABLE_STRICT_OBJC_MSGSEND = YES;
				ENABLE_TESTABILITY = YES;
				GCC_C_LANGUAGE_STANDARD = gnu11;
				GCC_DYNAMIC_NO_PIC = NO;
				GCC_NO_COMMON_BLOCKS = YES;
				GCC_OPTIMIZATION_LEVEL = 0;
				GCC_PREPROCESSOR_DEFINITIONS = (
					"DEBUG=1",
					"$(inherited)",
				);
				GCC_WARN_64_TO_32_BIT_CONVERSION = YES;
				GCC_WARN_ABOUT_RETURN_TYPE = YES_ERROR;
				GCC_WARN_UNDECLARED_SELECTOR = YES;
				GCC_WARN_UNINITIALIZED_AUTOS = YES_AGGRESSIVE;
				GCC_WARN_UNUSED_FUNCTION = YES;
				GCC_WARN_UNUSED_VARIABLE = YES;
				IPHONEOS_DEPLOYMENT_TARGET = 15.5;
				MTL_ENABLE_DEBUG_INFO = INCLUDE_SOURCE;
				MTL_FAST_MATH = YES;
				ONLY_ACTIVE_ARCH = YES;
				SDKROOT = iphoneos;
				SWIFT_ACTIVE_COMPILATION_CONDITIONS = DEBUG;
				SWIFT_OPTIMIZATION_LEVEL = "-Onone";
			};
			name = Debug;
		};
		228BBC1B2837D5B0002AD32B /* Release */ = {
			isa = XCBuildConfiguration;
			buildSettings = {
				ALWAYS_SEARCH_USER_PATHS = NO;
				CLANG_ANALYZER_NONNULL = YES;
				CLANG_ANALYZER_NUMBER_OBJECT_CONVERSION = YES_AGGRESSIVE;
				CLANG_CXX_LANGUAGE_STANDARD = "gnu++17";
				CLANG_ENABLE_MODULES = YES;
				CLANG_ENABLE_OBJC_ARC = YES;
				CLANG_ENABLE_OBJC_WEAK = YES;
				CLANG_WARN_BLOCK_CAPTURE_AUTORELEASING = YES;
				CLANG_WARN_BOOL_CONVERSION = YES;
				CLANG_WARN_COMMA = YES;
				CLANG_WARN_CONSTANT_CONVERSION = YES;
				CLANG_WARN_DEPRECATED_OBJC_IMPLEMENTATIONS = YES;
				CLANG_WARN_DIRECT_OBJC_ISA_USAGE = YES_ERROR;
				CLANG_WARN_DOCUMENTATION_COMMENTS = YES;
				CLANG_WARN_EMPTY_BODY = YES;
				CLANG_WARN_ENUM_CONVERSION = YES;
				CLANG_WARN_INFINITE_RECURSION = YES;
				CLANG_WARN_INT_CONVERSION = YES;
				CLANG_WARN_NON_LITERAL_NULL_CONVERSION = YES;
				CLANG_WARN_OBJC_IMPLICIT_RETAIN_SELF = YES;
				CLANG_WARN_OBJC_LITERAL_CONVERSION = YES;
				CLANG_WARN_OBJC_ROOT_CLASS = YES_ERROR;
				CLANG_WARN_QUOTED_INCLUDE_IN_FRAMEWORK_HEADER = YES;
				CLANG_WARN_RANGE_LOOP_ANALYSIS = YES;
				CLANG_WARN_STRICT_PROTOTYPES = YES;
				CLANG_WARN_SUSPICIOUS_MOVE = YES;
				CLANG_WARN_UNGUARDED_AVAILABILITY = YES_AGGRESSIVE;
				CLANG_WARN_UNREACHABLE_CODE = YES;
				CLANG_WARN__DUPLICATE_METHOD_MATCH = YES;
				COPY_PHASE_STRIP = NO;
				DEBUG_INFORMATION_FORMAT = "dwarf-with-dsym";
				ENABLE_NS_ASSERTIONS = NO;
				ENABLE_STRICT_OBJC_MSGSEND = YES;
				GCC_C_LANGUAGE_STANDARD = gnu11;
				GCC_NO_COMMON_BLOCKS = YES;
				GCC_WARN_64_TO_32_BIT_CONVERSION = YES;
				GCC_WARN_ABOUT_RETURN_TYPE = YES_ERROR;
				GCC_WARN_UNDECLARED_SELECTOR = YES;
				GCC_WARN_UNINITIALIZED_AUTOS = YES_AGGRESSIVE;
				GCC_WARN_UNUSED_FUNCTION = YES;
				GCC_WARN_UNUSED_VARIABLE = YES;
				IPHONEOS_DEPLOYMENT_TARGET = 15.5;
				MTL_ENABLE_DEBUG_INFO = NO;
				MTL_FAST_MATH = YES;
				SDKROOT = iphoneos;
				SWIFT_COMPILATION_MODE = wholemodule;
				SWIFT_OPTIMIZATION_LEVEL = "-O";
				VALIDATE_PRODUCT = YES;
			};
			name = Release;
		};
		228BBC1D2837D5B0002AD32B /* Debug */ = {
			isa = XCBuildConfiguration;
			buildSettings = {
				ASSETCATALOG_COMPILER_APPICON_NAME = AppIcon;
				ASSETCATALOG_COMPILER_GLOBAL_ACCENT_COLOR_NAME = AccentColor;
				CODE_SIGN_STYLE = Automatic;
				CURRENT_PROJECT_VERSION = 1;
				DEVELOPMENT_TEAM = PW697ZQRTK;
				GENERATE_INFOPLIST_FILE = YES;
				INFOPLIST_FILE = TargetRunning/Info.plist;
				INFOPLIST_KEY_NSLocationAlwaysAndWhenInUseUsageDescription = "";
				INFOPLIST_KEY_NSLocationWhenInUseUsageDescription = "";
				INFOPLIST_KEY_UIApplicationSupportsIndirectInputEvents = YES;
				INFOPLIST_KEY_UILaunchStoryboardName = LaunchScreen;
				INFOPLIST_KEY_UIMainStoryboardFile = Main;
				INFOPLIST_KEY_UISupportedInterfaceOrientations = UIInterfaceOrientationPortrait;
				INFOPLIST_KEY_UISupportedInterfaceOrientations_iPad = "UIInterfaceOrientationPortrait UIInterfaceOrientationPortraitUpsideDown UIInterfaceOrientationLandscapeLeft UIInterfaceOrientationLandscapeRight";
				INFOPLIST_KEY_UISupportedInterfaceOrientations_iPhone = "UIInterfaceOrientationPortrait UIInterfaceOrientationLandscapeLeft UIInterfaceOrientationLandscapeRight";
				LD_RUNPATH_SEARCH_PATHS = (
					"$(inherited)",
					"@executable_path/Frameworks",
				);
				MARKETING_VERSION = 1.0;
				PRODUCT_BUNDLE_IDENTIFIER = andreev.TargetRunning;
				PRODUCT_NAME = "$(TARGET_NAME)";
				SWIFT_EMIT_LOC_STRINGS = YES;
				SWIFT_VERSION = 5.0;
				TARGETED_DEVICE_FAMILY = 1;
			};
			name = Debug;
		};
		228BBC1E2837D5B0002AD32B /* Release */ = {
			isa = XCBuildConfiguration;
			buildSettings = {
				ASSETCATALOG_COMPILER_APPICON_NAME = AppIcon;
				ASSETCATALOG_COMPILER_GLOBAL_ACCENT_COLOR_NAME = AccentColor;
				CODE_SIGN_STYLE = Automatic;
				CURRENT_PROJECT_VERSION = 1;
				DEVELOPMENT_TEAM = PW697ZQRTK;
				GENERATE_INFOPLIST_FILE = YES;
				INFOPLIST_FILE = TargetRunning/Info.plist;
				INFOPLIST_KEY_NSLocationAlwaysAndWhenInUseUsageDescription = "";
				INFOPLIST_KEY_NSLocationWhenInUseUsageDescription = "";
				INFOPLIST_KEY_UIApplicationSupportsIndirectInputEvents = YES;
				INFOPLIST_KEY_UILaunchStoryboardName = LaunchScreen;
				INFOPLIST_KEY_UIMainStoryboardFile = Main;
				INFOPLIST_KEY_UISupportedInterfaceOrientations = UIInterfaceOrientationPortrait;
				INFOPLIST_KEY_UISupportedInterfaceOrientations_iPad = "UIInterfaceOrientationPortrait UIInterfaceOrientationPortraitUpsideDown UIInterfaceOrientationLandscapeLeft UIInterfaceOrientationLandscapeRight";
				INFOPLIST_KEY_UISupportedInterfaceOrientations_iPhone = "UIInterfaceOrientationPortrait UIInterfaceOrientationLandscapeLeft UIInterfaceOrientationLandscapeRight";
				LD_RUNPATH_SEARCH_PATHS = (
					"$(inherited)",
					"@executable_path/Frameworks",
				);
				MARKETING_VERSION = 1.0;
				PRODUCT_BUNDLE_IDENTIFIER = andreev.TargetRunning;
				PRODUCT_NAME = "$(TARGET_NAME)";
				SWIFT_EMIT_LOC_STRINGS = YES;
				SWIFT_VERSION = 5.0;
				TARGETED_DEVICE_FAMILY = 1;
			};
			name = Release;
		};
/* End XCBuildConfiguration section */

/* Begin XCConfigurationList section */
		228BBC002837D5AE002AD32B /* Build configuration list for PBXProject "TargetRunning" */ = {
			isa = XCConfigurationList;
			buildConfigurations = (
				228BBC1A2837D5B0002AD32B /* Debug */,
				228BBC1B2837D5B0002AD32B /* Release */,
			);
			defaultConfigurationIsVisible = 0;
			defaultConfigurationName = Release;
		};
		228BBC1C2837D5B0002AD32B /* Build configuration list for PBXNativeTarget "TargetRunning" */ = {
			isa = XCConfigurationList;
			buildConfigurations = (
				228BBC1D2837D5B0002AD32B /* Debug */,
				228BBC1E2837D5B0002AD32B /* Release */,
			);
			defaultConfigurationIsVisible = 0;
			defaultConfigurationName = Release;
		};
/* End XCConfigurationList section */

/* Begin XCVersionGroup section */
		22B4FDE828412A9E0045BCE4 /* TargetRunning.xcdatamodeld */ = {
			isa = XCVersionGroup;
			children = (
				22B4FDE928412A9E0045BCE4 /* TargetRunning.xcdatamodel */,
			);
			currentVersion = 22B4FDE928412A9E0045BCE4 /* TargetRunning.xcdatamodel */;
			path = TargetRunning.xcdatamodeld;
			sourceTree = "<group>";
			versionGroupType = wrapper.xcdatamodel;
		};
/* End XCVersionGroup section */
	};
	rootObject = 228BBBFD2837D5AE002AD32B /* Project object */;
}
